
Microsoft Visual Studio Solution File, Format Version 12.00
# Visual Studio Version 17
VisualStudioVersion = 17.8.34525.116
MinimumVisualStudioVersion = 10.0.40219.1
Project("{FAE04EC0-301F-11D3-BF4B-00C04F79EFBC}") = "ASPNET_Sample", "ASPNET_Sample\ASPNET_Sample.csproj", "{C5751468-873F-41D7-A4EE-C4392F11FE92}"
EndProject
Global
	GlobalSection(SolutionConfigurationPlatforms) = preSolution
		Debug|Any CPU = Debug|Any CPU
		Release|Any CPU = Release|Any CPU
	EndGlobalSection
	GlobalSection(ProjectConfigurationPlatforms) = postSolution
		{C5751468-873F-41D7-A4EE-C4392F11FE92}.Debug|Any CPU.ActiveCfg = Debug|Any CPU
		{C5751468-873F-41D7-A4EE-C4392F11FE92}.Debug|Any CPU.Build.0 = Debug|Any CPU
		{C5751468-873F-41D7-A4EE-C4392F11FE92}.Release|Any CPU.ActiveCfg = Release|Any CPU
		{C5751468-873F-41D7-A4EE-C4392F11FE92}.Release|Any CPU.Build.0 = Release|Any CPU
	EndGlobalSection
	GlobalSection(SolutionProperties) = preSolution
		HideSolutionNode = FALSE
	EndGlobalSection
	GlobalSection(ExtensibilityGlobals) = postSolution
		SolutionGuid = {CEBC319C-4473-4AE6-8460-8ACC42706A6A}
	EndGlobalSection
EndGlobal
